
Microsoft Visual Studio Solution File, Format Version 12.00
# Visual Studio 15
VisualStudioVersion = 15.0.28307.271
MinimumVisualStudioVersion = 10.0.40219.1
Project("{FAE04EC0-301F-11D3-BF4B-00C04F79EFBC}") = "BMAAlexaSkill", "BMAAlexaSkill\BMAAlexaSkill.csproj", "{2BED942F-4340-42C9-A3F1-3FFFCBCCFBFE}"
EndProject
Global
	GlobalSection(SolutionConfigurationPlatforms) = preSolution
		Debug|Any CPU = Debug|Any CPU
		Release|Any CPU = Release|Any CPU
	EndGlobalSection
	GlobalSection(ProjectConfigurationPlatforms) = postSolution
		{2BED942F-4340-42C9-A3F1-3FFFCBCCFBFE}.Debug|Any CPU.ActiveCfg = Debug|Any CPU
		{2BED942F-4340-42C9-A3F1-3FFFCBCCFBFE}.Debug|Any CPU.Build.0 = Debug|Any CPU
		{2BED942F-4340-42C9-A3F1-3FFFCBCCFBFE}.Release|Any CPU.ActiveCfg = Release|Any CPU
		{2BED942F-4340-42C9-A3F1-3FFFCBCCFBFE}.Release|Any CPU.Build.0 = Release|Any CPU
	EndGlobalSection
	GlobalSection(SolutionProperties) = preSolution
		HideSolutionNode = FALSE
	EndGlobalSection
	GlobalSection(ExtensibilityGlobals) = postSolution
		SolutionGuid = {6618D54E-D83E-4083-9D98-0E47B0335C65}
	EndGlobalSection
EndGlobal
